// !$*UTF8*$!
{
	archiveVersion = 1;
	classes = {
	};
	objectVersion = 56;
	objects = {

/* Begin PBXBuildFile section */
		2F2232012AA3A4C400F14258 /* LeaderBoard.swift in Sources */ = {isa = PBXBuildFile; fileRef = 2F2232002AA3A4C400F14258 /* LeaderBoard.swift */; };
		2F2232042AA3A63800F14258 /* DataController.swift in Sources */ = {isa = PBXBuildFile; fileRef = 2F2232032AA3A63800F14258 /* DataController.swift */; };
		2F2232082AA45D9E00F14258 /* RowView.swift in Sources */ = {isa = PBXBuildFile; fileRef = 2F2232072AA45D9E00F14258 /* RowView.swift */; };
		2F2232202AA4880F00F14258 /* Player.swift in Sources */ = {isa = PBXBuildFile; fileRef = 2F22321F2AA4880F00F14258 /* Player.swift */; };
		2F4FDE2C2AA7206B0082B662 /* AvailableView.swift in Sources */ = {isa = PBXBuildFile; fileRef = 2F4FDE2B2AA7206B0082B662 /* AvailableView.swift */; };
		2F4FDE2E2AA7270C0082B662 /* OutOfShuffleView.swift in Sources */ = {isa = PBXBuildFile; fileRef = 2F4FDE2D2AA7270C0082B662 /* OutOfShuffleView.swift */; };
		2F5B85072A860B0D00D5BB39 /* PikachuGameApp.swift in Sources */ = {isa = PBXBuildFile; fileRef = 2F5B85062A860B0D00D5BB39 /* PikachuGameApp.swift */; };
		2F5B85092A860B0D00D5BB39 /* GameView.swift in Sources */ = {isa = PBXBuildFile; fileRef = 2F5B85082A860B0D00D5BB39 /* GameView.swift */; };
		2F5B850B2A860B0E00D5BB39 /* Assets.xcassets in Resources */ = {isa = PBXBuildFile; fileRef = 2F5B850A2A860B0E00D5BB39 /* Assets.xcassets */; };
		2F5B850F2A860B0E00D5BB39 /* Preview Assets.xcassets in Resources */ = {isa = PBXBuildFile; fileRef = 2F5B850E2A860B0E00D5BB39 /* Preview Assets.xcassets */; };
		2F5B85162A860EA000D5BB39 /* PokemonBlock.swift in Sources */ = {isa = PBXBuildFile; fileRef = 2F5B85152A860E9F00D5BB39 /* PokemonBlock.swift */; };
		2F5B85182A86202100D5BB39 /* GridView.swift in Sources */ = {isa = PBXBuildFile; fileRef = 2F5B85172A86202100D5BB39 /* GridView.swift */; };
		2F5B851A2A8693F600D5BB39 /* Pokemon.swift in Sources */ = {isa = PBXBuildFile; fileRef = 2F5B85192A8693F600D5BB39 /* Pokemon.swift */; };
		2F5B851D2A86979500D5BB39 /* pokemon.json in Resources */ = {isa = PBXBuildFile; fileRef = 2F5B851C2A86979500D5BB39 /* pokemon.json */; };
		2F5B851F2A8923A100D5BB39 /* MenuView.swift in Sources */ = {isa = PBXBuildFile; fileRef = 2F5B851E2A8923A100D5BB39 /* MenuView.swift */; };
		2F5B85212A9520DB00D5BB39 /* TimerViewModel.swift in Sources */ = {isa = PBXBuildFile; fileRef = 2F5B85202A9520DB00D5BB39 /* TimerViewModel.swift */; };
		2F5B85232A96644400D5BB39 /* TimerBar.swift in Sources */ = {isa = PBXBuildFile; fileRef = 2F5B85222A96644400D5BB39 /* TimerBar.swift */; };
		2F6DF48A2AA50969005C75C7 /* Result+CoreDataClass.swift in Sources */ = {isa = PBXBuildFile; fileRef = 2F6DF4882AA50969005C75C7 /* Result+CoreDataClass.swift */; };
		2F6DF48B2AA50969005C75C7 /* Result+CoreDataProperties.swift in Sources */ = {isa = PBXBuildFile; fileRef = 2F6DF4892AA50969005C75C7 /* Result+CoreDataProperties.swift */; };
		2FA015F22AA771D700C9AD21 /* SplashScreenView.swift in Sources */ = {isa = PBXBuildFile; fileRef = 2FA015F12AA771D700C9AD21 /* SplashScreenView.swift */; };
		2FA015F62AA846E300C9AD21 /* Document.pdf in Resources */ = {isa = PBXBuildFile; fileRef = 2FA015F52AA846E300C9AD21 /* Document.pdf */; };
		2FBCAAE02AA520B40060CFAD /* PlayerData+CoreDataClass.swift in Sources */ = {isa = PBXBuildFile; fileRef = 2FBCAADE2AA520B40060CFAD /* PlayerData+CoreDataClass.swift */; };
		2FBCAAE12AA520B40060CFAD /* PlayerData+CoreDataProperties.swift in Sources */ = {isa = PBXBuildFile; fileRef = 2FBCAADF2AA520B40060CFAD /* PlayerData+CoreDataProperties.swift */; };
		2FBCAAE32AA5D1D30060CFAD /* ProfileView.swift in Sources */ = {isa = PBXBuildFile; fileRef = 2FBCAAE22AA5D1D30060CFAD /* ProfileView.swift */; };
		2FBCAAE52AA622760060CFAD /* Achievement.swift in Sources */ = {isa = PBXBuildFile; fileRef = 2FBCAAE42AA622760060CFAD /* Achievement.swift */; };
		2FBCAAE72AA62D310060CFAD /* PopupAchievementView.swift in Sources */ = {isa = PBXBuildFile; fileRef = 2FBCAAE62AA62D310060CFAD /* PopupAchievementView.swift */; };
		2FBCAAE92AA660D00060CFAD /* PlaySound.swift in Sources */ = {isa = PBXBuildFile; fileRef = 2FBCAAE82AA660D00060CFAD /* PlaySound.swift */; };
		2FBCAAEC2AA661F10060CFAD /* match.mp3 in Resources */ = {isa = PBXBuildFile; fileRef = 2FBCAAEB2AA661F10060CFAD /* match.mp3 */; };
		2FBCAAF02AA663C00060CFAD /* error.mp3 in Resources */ = {isa = PBXBuildFile; fileRef = 2FBCAAEF2AA663C00060CFAD /* error.mp3 */; };
		2FBCAAF22AA664210060CFAD /* gameover.mp3 in Resources */ = {isa = PBXBuildFile; fileRef = 2FBCAAF12AA664200060CFAD /* gameover.mp3 */; };
		2FBCAAF62AA665920060CFAD /* victory.mp3 in Resources */ = {isa = PBXBuildFile; fileRef = 2FBCAAF52AA665920060CFAD /* victory.mp3 */; };
		2FBCAAFA2AA6D33B0060CFAD /* htpbackground.mp3 in Resources */ = {isa = PBXBuildFile; fileRef = 2FBCAAF92AA6D33B0060CFAD /* htpbackground.mp3 */; };
		2FBCAAFC2AA6D3430060CFAD /* background.mp3 in Resources */ = {isa = PBXBuildFile; fileRef = 2FBCAAFB2AA6D3430060CFAD /* background.mp3 */; };
		2FBCAAFE2AA6E2B40060CFAD /* leaderboardbackground.mp3 in Resources */ = {isa = PBXBuildFile; fileRef = 2FBCAAFD2AA6E2B40060CFAD /* leaderboardbackground.mp3 */; };
		2FBCAB002AA6E44A0060CFAD /* gamebackground.mp3 in Resources */ = {isa = PBXBuildFile; fileRef = 2FBCAAFF2AA6E44A0060CFAD /* gamebackground.mp3 */; };
		2FBCAB022AA6E58D0060CFAD /* HowToPlayView.swift in Sources */ = {isa = PBXBuildFile; fileRef = 2FBCAB012AA6E58D0060CFAD /* HowToPlayView.swift */; };
		2FE21EC22AA30899005E38D6 /* SettingView.swift in Sources */ = {isa = PBXBuildFile; fileRef = 2FE21EC12AA30899005E38D6 /* SettingView.swift */; };
		2FE21EC42AA30C82005E38D6 /* CustomButton.swift in Sources */ = {isa = PBXBuildFile; fileRef = 2FE21EC32AA30C82005E38D6 /* CustomButton.swift */; };
		2FE21EC72AA371FC005E38D6 /* PlayerDataModel.xcdatamodeld in Sources */ = {isa = PBXBuildFile; fileRef = 2FE21EC52AA371FC005E38D6 /* PlayerDataModel.xcdatamodeld */; };
/* End PBXBuildFile section */

/* Begin PBXFileReference section */
		2F2232002AA3A4C400F14258 /* LeaderBoard.swift */ = {isa = PBXFileReference; lastKnownFileType = sourcecode.swift; path = LeaderBoard.swift; sourceTree = "<group>"; };
		2F2232032AA3A63800F14258 /* DataController.swift */ = {isa = PBXFileReference; lastKnownFileType = sourcecode.swift; path = DataController.swift; sourceTree = "<group>"; };
		2F2232072AA45D9E00F14258 /* RowView.swift */ = {isa = PBXFileReference; lastKnownFileType = sourcecode.swift; path = RowView.swift; sourceTree = "<group>"; };
		2F22321F2AA4880F00F14258 /* Player.swift */ = {isa = PBXFileReference; fileEncoding = 4; lastKnownFileType = sourcecode.swift; path = Player.swift; sourceTree = "<group>"; };
		2F4FDE2B2AA7206B0082B662 /* AvailableView.swift */ = {isa = PBXFileReference; lastKnownFileType = sourcecode.swift; path = AvailableView.swift; sourceTree = "<group>"; };
		2F4FDE2D2AA7270C0082B662 /* OutOfShuffleView.swift */ = {isa = PBXFileReference; lastKnownFileType = sourcecode.swift; path = OutOfShuffleView.swift; sourceTree = "<group>"; };
		2F5B85032A860B0D00D5BB39 /* PikachuGame.app */ = {isa = PBXFileReference; explicitFileType = wrapper.application; includeInIndex = 0; path = PikachuGame.app; sourceTree = BUILT_PRODUCTS_DIR; };
		2F5B85062A860B0D00D5BB39 /* PikachuGameApp.swift */ = {isa = PBXFileReference; lastKnownFileType = sourcecode.swift; path = PikachuGameApp.swift; sourceTree = "<group>"; };
		2F5B85082A860B0D00D5BB39 /* GameView.swift */ = {isa = PBXFileReference; lastKnownFileType = sourcecode.swift; path = GameView.swift; sourceTree = "<group>"; };
		2F5B850A2A860B0E00D5BB39 /* Assets.xcassets */ = {isa = PBXFileReference; lastKnownFileType = folder.assetcatalog; path = Assets.xcassets; sourceTree = "<group>"; };
		2F5B850C2A860B0E00D5BB39 /* PikachuGame.entitlements */ = {isa = PBXFileReference; lastKnownFileType = text.plist.entitlements; path = PikachuGame.entitlements; sourceTree = "<group>"; };
		2F5B850E2A860B0E00D5BB39 /* Preview Assets.xcassets */ = {isa = PBXFileReference; lastKnownFileType = folder.assetcatalog; path = "Preview Assets.xcassets"; sourceTree = "<group>"; };
		2F5B85152A860E9F00D5BB39 /* PokemonBlock.swift */ = {isa = PBXFileReference; lastKnownFileType = sourcecode.swift; path = PokemonBlock.swift; sourceTree = "<group>"; };
		2F5B85172A86202100D5BB39 /* GridView.swift */ = {isa = PBXFileReference; lastKnownFileType = sourcecode.swift; path = GridView.swift; sourceTree = "<group>"; };
		2F5B85192A8693F600D5BB39 /* Pokemon.swift */ = {isa = PBXFileReference; lastKnownFileType = sourcecode.swift; path = Pokemon.swift; sourceTree = "<group>"; };
		2F5B851C2A86979500D5BB39 /* pokemon.json */ = {isa = PBXFileReference; lastKnownFileType = text.json; path = pokemon.json; sourceTree = "<group>"; };
		2F5B851E2A8923A100D5BB39 /* MenuView.swift */ = {isa = PBXFileReference; lastKnownFileType = sourcecode.swift; path = MenuView.swift; sourceTree = "<group>"; };
		2F5B85202A9520DB00D5BB39 /* TimerViewModel.swift */ = {isa = PBXFileReference; lastKnownFileType = sourcecode.swift; path = TimerViewModel.swift; sourceTree = "<group>"; };
		2F5B85222A96644400D5BB39 /* TimerBar.swift */ = {isa = PBXFileReference; lastKnownFileType = sourcecode.swift; path = TimerBar.swift; sourceTree = "<group>"; };
		2F6DF4882AA50969005C75C7 /* Result+CoreDataClass.swift */ = {isa = PBXFileReference; lastKnownFileType = sourcecode.swift; path = "Result+CoreDataClass.swift"; sourceTree = "<group>"; };
		2F6DF4892AA50969005C75C7 /* Result+CoreDataProperties.swift */ = {isa = PBXFileReference; lastKnownFileType = sourcecode.swift; path = "Result+CoreDataProperties.swift"; sourceTree = "<group>"; };
		2FA015F12AA771D700C9AD21 /* SplashScreenView.swift */ = {isa = PBXFileReference; lastKnownFileType = sourcecode.swift; path = SplashScreenView.swift; sourceTree = "<group>"; };
		2FA015F52AA846E300C9AD21 /* Document.pdf */ = {isa = PBXFileReference; lastKnownFileType = image.pdf; path = Document.pdf; sourceTree = "<group>"; };
		2FBCAADE2AA520B40060CFAD /* PlayerData+CoreDataClass.swift */ = {isa = PBXFileReference; lastKnownFileType = sourcecode.swift; path = "PlayerData+CoreDataClass.swift"; sourceTree = "<group>"; };
		2FBCAADF2AA520B40060CFAD /* PlayerData+CoreDataProperties.swift */ = {isa = PBXFileReference; lastKnownFileType = sourcecode.swift; path = "PlayerData+CoreDataProperties.swift"; sourceTree = "<group>"; };
		2FBCAAE22AA5D1D30060CFAD /* ProfileView.swift */ = {isa = PBXFileReference; lastKnownFileType = sourcecode.swift; path = ProfileView.swift; sourceTree = "<group>"; };
		2FBCAAE42AA622760060CFAD /* Achievement.swift */ = {isa = PBXFileReference; lastKnownFileType = sourcecode.swift; path = Achievement.swift; sourceTree = "<group>"; };
		2FBCAAE62AA62D310060CFAD /* PopupAchievementView.swift */ = {isa = PBXFileReference; lastKnownFileType = sourcecode.swift; path = PopupAchievementView.swift; sourceTree = "<group>"; };
		2FBCAAE82AA660D00060CFAD /* PlaySound.swift */ = {isa = PBXFileReference; lastKnownFileType = sourcecode.swift; path = PlaySound.swift; sourceTree = "<group>"; };
		2FBCAAEB2AA661F10060CFAD /* match.mp3 */ = {isa = PBXFileReference; lastKnownFileType = audio.mp3; path = match.mp3; sourceTree = "<group>"; };
		2FBCAAEF2AA663C00060CFAD /* error.mp3 */ = {isa = PBXFileReference; lastKnownFileType = audio.mp3; name = error.mp3; path = ../../../../../Downloads/error.mp3; sourceTree = "<group>"; };
		2FBCAAF12AA664200060CFAD /* gameover.mp3 */ = {isa = PBXFileReference; lastKnownFileType = audio.mp3; path = gameover.mp3; sourceTree = "<group>"; };
		2FBCAAF52AA665920060CFAD /* victory.mp3 */ = {isa = PBXFileReference; lastKnownFileType = audio.mp3; name = victory.mp3; path = ../../../../../Downloads/victory.mp3; sourceTree = "<group>"; };
		2FBCAAF92AA6D33B0060CFAD /* htpbackground.mp3 */ = {isa = PBXFileReference; lastKnownFileType = audio.mp3; path = htpbackground.mp3; sourceTree = "<group>"; };
		2FBCAAFB2AA6D3430060CFAD /* background.mp3 */ = {isa = PBXFileReference; lastKnownFileType = audio.mp3; path = background.mp3; sourceTree = "<group>"; };
		2FBCAAFD2AA6E2B40060CFAD /* leaderboardbackground.mp3 */ = {isa = PBXFileReference; lastKnownFileType = audio.mp3; path = leaderboardbackground.mp3; sourceTree = "<group>"; };
		2FBCAAFF2AA6E44A0060CFAD /* gamebackground.mp3 */ = {isa = PBXFileReference; lastKnownFileType = audio.mp3; path = gamebackground.mp3; sourceTree = "<group>"; };
		2FBCAB012AA6E58D0060CFAD /* HowToPlayView.swift */ = {isa = PBXFileReference; lastKnownFileType = sourcecode.swift; path = HowToPlayView.swift; sourceTree = "<group>"; };
		2FE21EC12AA30899005E38D6 /* SettingView.swift */ = {isa = PBXFileReference; lastKnownFileType = sourcecode.swift; path = SettingView.swift; sourceTree = "<group>"; };
		2FE21EC32AA30C82005E38D6 /* CustomButton.swift */ = {isa = PBXFileReference; lastKnownFileType = sourcecode.swift; path = CustomButton.swift; sourceTree = "<group>"; };
		2FE21EC62AA371FC005E38D6 /* PlayerDataModel.xcdatamodel */ = {isa = PBXFileReference; lastKnownFileType = wrapper.xcdatamodel; path = PlayerDataModel.xcdatamodel; sourceTree = "<group>"; };
/* End PBXFileReference section */

/* Begin PBXFrameworksBuildPhase section */
		2F5B85002A860B0D00D5BB39 /* Frameworks */ = {
			isa = PBXFrameworksBuildPhase;
			buildActionMask = 2147483647;
			files = (
			);
			runOnlyForDeploymentPostprocessing = 0;
		};
/* End PBXFrameworksBuildPhase section */

/* Begin PBXGroup section */
		2F2232022AA3A62400F14258 /* DataModel */ = {
			isa = PBXGroup;
			children = (
				2FE21EC52AA371FC005E38D6 /* PlayerDataModel.xcdatamodeld */,
				2F2232032AA3A63800F14258 /* DataController.swift */,
			);
			path = DataModel;
			sourceTree = "<group>";
		};
		2F5B84FA2A860B0D00D5BB39 = {
			isa = PBXGroup;
			children = (
				2F5B85052A860B0D00D5BB39 /* PikachuGame */,
				2F5B85042A860B0D00D5BB39 /* Products */,
			);
			sourceTree = "<group>";
		};
		2F5B85042A860B0D00D5BB39 /* Products */ = {
			isa = PBXGroup;
			children = (
				2F5B85032A860B0D00D5BB39 /* PikachuGame.app */,
			);
			name = Products;
			sourceTree = "<group>";
		};
		2F5B85052A860B0D00D5BB39 /* PikachuGame */ = {
			isa = PBXGroup;
			children = (
				2FA015F32AA841FF00C9AD21 /* Document */,
				2FA015F42AA8420700C9AD21 /* CoreData */,
				2FBCAAEA2AA661B40060CFAD /* Sounds */,
				2FB305D82AA4E0BD00DE913A /* ViewModels */,
				2FB305D72AA4E07E00DE913A /* Model */,
				2FB305D62AA4E07700DE913A /* Views */,
				2F2232022AA3A62400F14258 /* DataModel */,
				2F5B85062A860B0D00D5BB39 /* PikachuGameApp.swift */,
				2F5B851C2A86979500D5BB39 /* pokemon.json */,
				2F5B850A2A860B0E00D5BB39 /* Assets.xcassets */,
				2F5B850C2A860B0E00D5BB39 /* PikachuGame.entitlements */,
				2F5B850D2A860B0E00D5BB39 /* Preview Content */,
			);
			path = PikachuGame;
			sourceTree = "<group>";
		};
		2F5B850D2A860B0E00D5BB39 /* Preview Content */ = {
			isa = PBXGroup;
			children = (
				2F5B850E2A860B0E00D5BB39 /* Preview Assets.xcassets */,
			);
			path = "Preview Content";
			sourceTree = "<group>";
		};
		2FA015F32AA841FF00C9AD21 /* Document */ = {
			isa = PBXGroup;
			children = (
				2FA015F52AA846E300C9AD21 /* Document.pdf */,
			);
			path = Document;
			sourceTree = "<group>";
		};
		2FA015F42AA8420700C9AD21 /* CoreData */ = {
			isa = PBXGroup;
			children = (
				2FBCAADE2AA520B40060CFAD /* PlayerData+CoreDataClass.swift */,
				2FBCAADF2AA520B40060CFAD /* PlayerData+CoreDataProperties.swift */,
				2F6DF4882AA50969005C75C7 /* Result+CoreDataClass.swift */,
				2F6DF4892AA50969005C75C7 /* Result+CoreDataProperties.swift */,
			);
			path = CoreData;
			sourceTree = "<group>";
		};
		2FB305D62AA4E07700DE913A /* Views */ = {
			isa = PBXGroup;
			children = (
				2F5B85222A96644400D5BB39 /* TimerBar.swift */,
				2FA015F12AA771D700C9AD21 /* SplashScreenView.swift */,
				2FBCAAE22AA5D1D30060CFAD /* ProfileView.swift */,
				2F5B851E2A8923A100D5BB39 /* MenuView.swift */,
				2F2232002AA3A4C400F14258 /* LeaderBoard.swift */,
				2F2232072AA45D9E00F14258 /* RowView.swift */,
				2FBCAB012AA6E58D0060CFAD /* HowToPlayView.swift */,
				2FE21EC12AA30899005E38D6 /* SettingView.swift */,
				2FBCAAE62AA62D310060CFAD /* PopupAchievementView.swift */,
				2F5B85082A860B0D00D5BB39 /* GameView.swift */,
				2F4FDE2D2AA7270C0082B662 /* OutOfShuffleView.swift */,
				2F4FDE2B2AA7206B0082B662 /* AvailableView.swift */,
				2F5B85172A86202100D5BB39 /* GridView.swift */,
				2F5B85152A860E9F00D5BB39 /* PokemonBlock.swift */,
				2FE21EC32AA30C82005E38D6 /* CustomButton.swift */,
				2FBCAAE42AA622760060CFAD /* Achievement.swift */,
			);
			path = Views;
			sourceTree = "<group>";
		};
		2FB305D72AA4E07E00DE913A /* Model */ = {
			isa = PBXGroup;
			children = (
				2FBCAAE82AA660D00060CFAD /* PlaySound.swift */,
				2F22321F2AA4880F00F14258 /* Player.swift */,
				2F5B85192A8693F600D5BB39 /* Pokemon.swift */,
			);
			path = Model;
			sourceTree = "<group>";
		};
		2FB305D82AA4E0BD00DE913A /* ViewModels */ = {
			isa = PBXGroup;
			children = (
				2F5B85202A9520DB00D5BB39 /* TimerViewModel.swift */,
			);
			path = ViewModels;
			sourceTree = "<group>";
		};
		2FBCAAEA2AA661B40060CFAD /* Sounds */ = {
			isa = PBXGroup;
			children = (
				2FBCAAFD2AA6E2B40060CFAD /* leaderboardbackground.mp3 */,
				2FBCAAFB2AA6D3430060CFAD /* background.mp3 */,
				2FBCAAF92AA6D33B0060CFAD /* htpbackground.mp3 */,
				2FBCAAFF2AA6E44A0060CFAD /* gamebackground.mp3 */,
				2FBCAAF52AA665920060CFAD /* victory.mp3 */,
				2FBCAAF12AA664200060CFAD /* gameover.mp3 */,
				2FBCAAEF2AA663C00060CFAD /* error.mp3 */,
				2FBCAAEB2AA661F10060CFAD /* match.mp3 */,
			);
			path = Sounds;
			sourceTree = "<group>";
		};
/* End PBXGroup section */

/* Begin PBXNativeTarget section */
		2F5B85022A860B0D00D5BB39 /* PikachuGame */ = {
			isa = PBXNativeTarget;
			buildConfigurationList = 2F5B85122A860B0E00D5BB39 /* Build configuration list for PBXNativeTarget "PikachuGame" */;
			buildPhases = (
				2F5B84FF2A860B0D00D5BB39 /* Sources */,
				2F5B85002A860B0D00D5BB39 /* Frameworks */,
				2F5B85012A860B0D00D5BB39 /* Resources */,
			);
			buildRules = (
			);
			dependencies = (
			);
			name = PikachuGame;
			productName = PikachuGame;
			productReference = 2F5B85032A860B0D00D5BB39 /* PikachuGame.app */;
			productType = "com.apple.product-type.application";
		};
/* End PBXNativeTarget section */

/* Begin PBXProject section */
		2F5B84FB2A860B0D00D5BB39 /* Project object */ = {
			isa = PBXProject;
			attributes = {
				BuildIndependentTargetsInParallel = 1;
				LastSwiftUpdateCheck = 1430;
				LastUpgradeCheck = 1430;
				TargetAttributes = {
					2F5B85022A860B0D00D5BB39 = {
						CreatedOnToolsVersion = 14.3.1;
					};
				};
			};
			buildConfigurationList = 2F5B84FE2A860B0D00D5BB39 /* Build configuration list for PBXProject "PikachuGame" */;
			compatibilityVersion = "Xcode 14.0";
			developmentRegion = en;
			hasScannedForEncodings = 0;
			knownRegions = (
				en,
				Base,
			);
			mainGroup = 2F5B84FA2A860B0D00D5BB39;
			productRefGroup = 2F5B85042A860B0D00D5BB39 /* Products */;
			projectDirPath = "";
			projectRoot = "";
			targets = (
				2F5B85022A860B0D00D5BB39 /* PikachuGame */,
			);
		};
/* End PBXProject section */

/* Begin PBXResourcesBuildPhase section */
		2F5B85012A860B0D00D5BB39 /* Resources */ = {
			isa = PBXResourcesBuildPhase;
			buildActionMask = 2147483647;
			files = (
				2FBCAAEC2AA661F10060CFAD /* match.mp3 in Resources */,
				2FBCAAF62AA665920060CFAD /* victory.mp3 in Resources */,
				2FBCAAFA2AA6D33B0060CFAD /* htpbackground.mp3 in Resources */,
				2F5B850F2A860B0E00D5BB39 /* Preview Assets.xcassets in Resources */,
				2FBCAAF22AA664210060CFAD /* gameover.mp3 in Resources */,
				2F5B850B2A860B0E00D5BB39 /* Assets.xcassets in Resources */,
				2F5B851D2A86979500D5BB39 /* pokemon.json in Resources */,
				2FBCAAFC2AA6D3430060CFAD /* background.mp3 in Resources */,
				2FBCAB002AA6E44A0060CFAD /* gamebackground.mp3 in Resources */,
				2FBCAAFE2AA6E2B40060CFAD /* leaderboardbackground.mp3 in Resources */,
				2FBCAAF02AA663C00060CFAD /* error.mp3 in Resources */,
				2FA015F62AA846E300C9AD21 /* Document.pdf in Resources */,
			);
			runOnlyForDeploymentPostprocessing = 0;
		};
/* End PBXResourcesBuildPhase section */

/* Begin PBXSourcesBuildPhase section */
		2F5B84FF2A860B0D00D5BB39 /* Sources */ = {
			isa = PBXSourcesBuildPhase;
			buildActionMask = 2147483647;
			files = (
				2F4FDE2E2AA7270C0082B662 /* OutOfShuffleView.swift in Sources */,
				2F5B85212A9520DB00D5BB39 /* TimerViewModel.swift in Sources */,
				2FBCAAE92AA660D00060CFAD /* PlaySound.swift in Sources */,
				2F5B851A2A8693F600D5BB39 /* Pokemon.swift in Sources */,
				2F2232012AA3A4C400F14258 /* LeaderBoard.swift in Sources */,
				2FBCAAE72AA62D310060CFAD /* PopupAchievementView.swift in Sources */,
				2F5B85092A860B0D00D5BB39 /* GameView.swift in Sources */,
				2FA015F22AA771D700C9AD21 /* SplashScreenView.swift in Sources */,
				2F5B851F2A8923A100D5BB39 /* MenuView.swift in Sources */,
				2FBCAAE52AA622760060CFAD /* Achievement.swift in Sources */,
				2F5B85072A860B0D00D5BB39 /* PikachuGameApp.swift in Sources */,
				2F2232202AA4880F00F14258 /* Player.swift in Sources */,
				2F5B85182A86202100D5BB39 /* GridView.swift in Sources */,
				2F6DF48A2AA50969005C75C7 /* Result+CoreDataClass.swift in Sources */,
				2F5B85162A860EA000D5BB39 /* PokemonBlock.swift in Sources */,
				2F6DF48B2AA50969005C75C7 /* Result+CoreDataProperties.swift in Sources */,
				2FBCAAE02AA520B40060CFAD /* PlayerData+CoreDataClass.swift in Sources */,
				2FBCAAE12AA520B40060CFAD /* PlayerData+CoreDataProperties.swift in Sources */,
				2FE21EC42AA30C82005E38D6 /* CustomButton.swift in Sources */,
				2F2232042AA3A63800F14258 /* DataController.swift in Sources */,
				2F2232082AA45D9E00F14258 /* RowView.swift in Sources */,
				2F4FDE2C2AA7206B0082B662 /* AvailableView.swift in Sources */,
				2F5B85232A96644400D5BB39 /* TimerBar.swift in Sources */,
				2FBCAB022AA6E58D0060CFAD /* HowToPlayView.swift in Sources */,
				2FE21EC22AA30899005E38D6 /* SettingView.swift in Sources */,
				2FBCAAE32AA5D1D30060CFAD /* ProfileView.swift in Sources */,
				2FE21EC72AA371FC005E38D6 /* PlayerDataModel.xcdatamodeld in Sources */,
			);
			runOnlyForDeploymentPostprocessing = 0;
		};
/* End PBXSourcesBuildPhase section */

/* Begin XCBuildConfiguration section */
		2F5B85102A860B0E00D5BB39 /* Debug */ = {
			isa = XCBuildConfiguration;
			buildSettings = {
				ALWAYS_SEARCH_USER_PATHS = NO;
				CLANG_ANALYZER_NONNULL = YES;
				CLANG_ANALYZER_NUMBER_OBJECT_CONVERSION = YES_AGGRESSIVE;
				CLANG_CXX_LANGUAGE_STANDARD = "gnu++20";
				CLANG_ENABLE_MODULES = YES;
				CLANG_ENABLE_OBJC_ARC = YES;
				CLANG_ENABLE_OBJC_WEAK = YES;
				CLANG_WARN_BLOCK_CAPTURE_AUTORELEASING = YES;
				CLANG_WARN_BOOL_CONVERSION = YES;
				CLANG_WARN_COMMA = YES;
				CLANG_WARN_CONSTANT_CONVERSION = YES;
				CLANG_WARN_DEPRECATED_OBJC_IMPLEMENTATIONS = YES;
				CLANG_WARN_DIRECT_OBJC_ISA_USAGE = YES_ERROR;
				CLANG_WARN_DOCUMENTATION_COMMENTS = YES;
				CLANG_WARN_EMPTY_BODY = YES;
				CLANG_WARN_ENUM_CONVERSION = YES;
				CLANG_WARN_INFINITE_RECURSION = YES;
				CLANG_WARN_INT_CONVERSION = YES;
				CLANG_WARN_NON_LITERAL_NULL_CONVERSION = YES;
				CLANG_WARN_OBJC_IMPLICIT_RETAIN_SELF = YES;
				CLANG_WARN_OBJC_LITERAL_CONVERSION = YES;
				CLANG_WARN_OBJC_ROOT_CLASS = YES_ERROR;
				CLANG_WARN_QUOTED_INCLUDE_IN_FRAMEWORK_HEADER = YES;
				CLANG_WARN_RANGE_LOOP_ANALYSIS = YES;
				CLANG_WARN_STRICT_PROTOTYPES = YES;
				CLANG_WARN_SUSPICIOUS_MOVE = YES;
				CLANG_WARN_UNGUARDED_AVAILABILITY = YES_AGGRESSIVE;
				CLANG_WARN_UNREACHABLE_CODE = YES;
				CLANG_WARN__DUPLICATE_METHOD_MATCH = YES;
				COPY_PHASE_STRIP = NO;
				DEBUG_INFORMATION_FORMAT = dwarf;
				ENABLE_STRICT_OBJC_MSGSEND = YES;
				ENABLE_TESTABILITY = YES;
				GCC_C_LANGUAGE_STANDARD = gnu11;
				GCC_DYNAMIC_NO_PIC = NO;
				GCC_NO_COMMON_BLOCKS = YES;
				GCC_OPTIMIZATION_LEVEL = 0;
				GCC_PREPROCESSOR_DEFINITIONS = (
					"DEBUG=1",
					"$(inherited)",
				);
				GCC_WARN_64_TO_32_BIT_CONVERSION = YES;
				GCC_WARN_ABOUT_RETURN_TYPE = YES_ERROR;
				GCC_WARN_UNDECLARED_SELECTOR = YES;
				GCC_WARN_UNINITIALIZED_AUTOS = YES_AGGRESSIVE;
				GCC_WARN_UNUSED_FUNCTION = YES;
				GCC_WARN_UNUSED_VARIABLE = YES;
				MTL_ENABLE_DEBUG_INFO = INCLUDE_SOURCE;
				MTL_FAST_MATH = YES;
				ONLY_ACTIVE_ARCH = YES;
				SWIFT_ACTIVE_COMPILATION_CONDITIONS = DEBUG;
				SWIFT_OPTIMIZATION_LEVEL = "-Onone";
			};
			name = Debug;
		};
		2F5B85112A860B0E00D5BB39 /* Release */ = {
			isa = XCBuildConfiguration;
			buildSettings = {
				ALWAYS_SEARCH_USER_PATHS = NO;
				CLANG_ANALYZER_NONNULL = YES;
				CLANG_ANALYZER_NUMBER_OBJECT_CONVERSION = YES_AGGRESSIVE;
				CLANG_CXX_LANGUAGE_STANDARD = "gnu++20";
				CLANG_ENABLE_MODULES = YES;
				CLANG_ENABLE_OBJC_ARC = YES;
				CLANG_ENABLE_OBJC_WEAK = YES;
				CLANG_WARN_BLOCK_CAPTURE_AUTORELEASING = YES;
				CLANG_WARN_BOOL_CONVERSION = YES;
				CLANG_WARN_COMMA = YES;
				CLANG_WARN_CONSTANT_CONVERSION = YES;
				CLANG_WARN_DEPRECATED_OBJC_IMPLEMENTATIONS = YES;
				CLANG_WARN_DIRECT_OBJC_ISA_USAGE = YES_ERROR;
				CLANG_WARN_DOCUMENTATION_COMMENTS = YES;
				CLANG_WARN_EMPTY_BODY = YES;
				CLANG_WARN_ENUM_CONVERSION = YES;
				CLANG_WARN_INFINITE_RECURSION = YES;
				CLANG_WARN_INT_CONVERSION = YES;
				CLANG_WARN_NON_LITERAL_NULL_CONVERSION = YES;
				CLANG_WARN_OBJC_IMPLICIT_RETAIN_SELF = YES;
				CLANG_WARN_OBJC_LITERAL_CONVERSION = YES;
				CLANG_WARN_OBJC_ROOT_CLASS = YES_ERROR;
				CLANG_WARN_QUOTED_INCLUDE_IN_FRAMEWORK_HEADER = YES;
				CLANG_WARN_RANGE_LOOP_ANALYSIS = YES;
				CLANG_WARN_STRICT_PROTOTYPES = YES;
				CLANG_WARN_SUSPICIOUS_MOVE = YES;
				CLANG_WARN_UNGUARDED_AVAILABILITY = YES_AGGRESSIVE;
				CLANG_WARN_UNREACHABLE_CODE = YES;
				CLANG_WARN__DUPLICATE_METHOD_MATCH = YES;
				COPY_PHASE_STRIP = NO;
				DEBUG_INFORMATION_FORMAT = "dwarf-with-dsym";
				ENABLE_NS_ASSERTIONS = NO;
				ENABLE_STRICT_OBJC_MSGSEND = YES;
				GCC_C_LANGUAGE_STANDARD = gnu11;
				GCC_NO_COMMON_BLOCKS = YES;
				GCC_WARN_64_TO_32_BIT_CONVERSION = YES;
				GCC_WARN_ABOUT_RETURN_TYPE = YES_ERROR;
				GCC_WARN_UNDECLARED_SELECTOR = YES;
				GCC_WARN_UNINITIALIZED_AUTOS = YES_AGGRESSIVE;
				GCC_WARN_UNUSED_FUNCTION = YES;
				GCC_WARN_UNUSED_VARIABLE = YES;
				MTL_ENABLE_DEBUG_INFO = NO;
				MTL_FAST_MATH = YES;
				SWIFT_COMPILATION_MODE = wholemodule;
				SWIFT_OPTIMIZATION_LEVEL = "-O";
			};
			name = Release;
		};
		2F5B85132A860B0E00D5BB39 /* Debug */ = {
			isa = XCBuildConfiguration;
			buildSettings = {
				ASSETCATALOG_COMPILER_APPICON_NAME = AppIcon;
				ASSETCATALOG_COMPILER_GLOBAL_ACCENT_COLOR_NAME = AccentColor;
				CODE_SIGN_ENTITLEMENTS = PikachuGame/PikachuGame.entitlements;
				CODE_SIGN_STYLE = Automatic;
				CURRENT_PROJECT_VERSION = 1;
				DEVELOPMENT_ASSET_PATHS = "\"PikachuGame/Preview Content\"";
				DEVELOPMENT_TEAM = 6WK3P49LAJ;
				ENABLE_HARDENED_RUNTIME = YES;
				ENABLE_PREVIEWS = YES;
				GENERATE_INFOPLIST_FILE = YES;
				"INFOPLIST_KEY_UIApplicationSceneManifest_Generation[sdk=iphoneos*]" = YES;
				"INFOPLIST_KEY_UIApplicationSceneManifest_Generation[sdk=iphonesimulator*]" = YES;
				"INFOPLIST_KEY_UIApplicationSupportsIndirectInputEvents[sdk=iphoneos*]" = YES;
				"INFOPLIST_KEY_UIApplicationSupportsIndirectInputEvents[sdk=iphonesimulator*]" = YES;
				"INFOPLIST_KEY_UILaunchScreen_Generation[sdk=iphoneos*]" = YES;
				"INFOPLIST_KEY_UILaunchScreen_Generation[sdk=iphonesimulator*]" = YES;
				INFOPLIST_KEY_UIStatusBarStyle = "";
				"INFOPLIST_KEY_UIStatusBarStyle[sdk=iphoneos*]" = UIStatusBarStyleDefault;
				"INFOPLIST_KEY_UIStatusBarStyle[sdk=iphonesimulator*]" = UIStatusBarStyleDefault;
				INFOPLIST_KEY_UISupportedInterfaceOrientations = "UIInterfaceOrientationLandscapeLeft UIInterfaceOrientationLandscapeRight";
				IPHONEOS_DEPLOYMENT_TARGET = 16.4;
				LD_RUNPATH_SEARCH_PATHS = "@executable_path/Frameworks";
				"LD_RUNPATH_SEARCH_PATHS[sdk=macosx*]" = "@executable_path/../Frameworks";
				MACOSX_DEPLOYMENT_TARGET = 13.3;
				MARKETING_VERSION = 1.0;
				PRODUCT_BUNDLE_IDENTIFIER = com.BaoNgoc.PikachuGame;
				PRODUCT_NAME = "$(TARGET_NAME)";
				SDKROOT = auto;
				SUPPORTED_PLATFORMS = "iphoneos iphonesimulator macosx";
				SWIFT_EMIT_LOC_STRINGS = YES;
				SWIFT_VERSION = 5.0;
				TARGETED_DEVICE_FAMILY = "1,2";
			};
			name = Debug;
		};
		2F5B85142A860B0E00D5BB39 /* Release */ = {
			isa = XCBuildConfiguration;
			buildSettings = {
				ASSETCATALOG_COMPILER_APPICON_NAME = AppIcon;
				ASSETCATALOG_COMPILER_GLOBAL_ACCENT_COLOR_NAME = AccentColor;
				CODE_SIGN_ENTITLEMENTS = PikachuGame/PikachuGame.entitlements;
				CODE_SIGN_STYLE = Automatic;
				CURRENT_PROJECT_VERSION = 1;
				DEVELOPMENT_ASSET_PATHS = "\"PikachuGame/Preview Content\"";
				DEVELOPMENT_TEAM = 6WK3P49LAJ;
				ENABLE_HARDENED_RUNTIME = YES;
				ENABLE_PREVIEWS = YES;
				GENERATE_INFOPLIST_FILE = YES;
				"INFOPLIST_KEY_UIApplicationSceneManifest_Generation[sdk=iphoneos*]" = YES;
				"INFOPLIST_KEY_UIApplicationSceneManifest_Generation[sdk=iphonesimulator*]" = YES;
				"INFOPLIST_KEY_UIApplicationSupportsIndirectInputEvents[sdk=iphoneos*]" = YES;
				"INFOPLIST_KEY_UIApplicationSupportsIndirectInputEvents[sdk=iphonesimulator*]" = YES;
				"INFOPLIST_KEY_UILaunchScreen_Generation[sdk=iphoneos*]" = YES;
				"INFOPLIST_KEY_UILaunchScreen_Generation[sdk=iphonesimulator*]" = YES;
				INFOPLIST_KEY_UIStatusBarStyle = "";
				"INFOPLIST_KEY_UIStatusBarStyle[sdk=iphoneos*]" = UIStatusBarStyleDefault;
				"INFOPLIST_KEY_UIStatusBarStyle[sdk=iphonesimulator*]" = UIStatusBarStyleDefault;
				INFOPLIST_KEY_UISupportedInterfaceOrientations = "UIInterfaceOrientationLandscapeLeft UIInterfaceOrientationLandscapeRight";
				IPHONEOS_DEPLOYMENT_TARGET = 16.4;
				LD_RUNPATH_SEARCH_PATHS = "@executable_path/Frameworks";
				"LD_RUNPATH_SEARCH_PATHS[sdk=macosx*]" = "@executable_path/../Frameworks";
				MACOSX_DEPLOYMENT_TARGET = 13.3;
				MARKETING_VERSION = 1.0;
				PRODUCT_BUNDLE_IDENTIFIER = com.BaoNgoc.PikachuGame;
				PRODUCT_NAME = "$(TARGET_NAME)";
				SDKROOT = auto;
				SUPPORTED_PLATFORMS = "iphoneos iphonesimulator macosx";
				SWIFT_EMIT_LOC_STRINGS = YES;
				SWIFT_VERSION = 5.0;
				TARGETED_DEVICE_FAMILY = "1,2";
			};
			name = Release;
		};
/* End XCBuildConfiguration section */

/* Begin XCConfigurationList section */
		2F5B84FE2A860B0D00D5BB39 /* Build configuration list for PBXProject "PikachuGame" */ = {
			isa = XCConfigurationList;
			buildConfigurations = (
				2F5B85102A860B0E00D5BB39 /* Debug */,
				2F5B85112A860B0E00D5BB39 /* Release */,
			);
			defaultConfigurationIsVisible = 0;
			defaultConfigurationName = Release;
		};
		2F5B85122A860B0E00D5BB39 /* Build configuration list for PBXNativeTarget "PikachuGame" */ = {
			isa = XCConfigurationList;
			buildConfigurations = (
				2F5B85132A860B0E00D5BB39 /* Debug */,
				2F5B85142A860B0E00D5BB39 /* Release */,
			);
			defaultConfigurationIsVisible = 0;
			defaultConfigurationName = Release;
		};
/* End XCConfigurationList section */

/* Begin XCVersionGroup section */
		2FE21EC52AA371FC005E38D6 /* PlayerDataModel.xcdatamodeld */ = {
			isa = XCVersionGroup;
			children = (
				2FE21EC62AA371FC005E38D6 /* PlayerDataModel.xcdatamodel */,
			);
			currentVersion = 2FE21EC62AA371FC005E38D6 /* PlayerDataModel.xcdatamodel */;
			path = PlayerDataModel.xcdatamodeld;
			sourceTree = "<group>";
			versionGroupType = wrapper.xcdatamodel;
		};
/* End XCVersionGroup section */
	};
	rootObject = 2F5B84FB2A860B0D00D5BB39 /* Project object */;
}
